# THIS IS AN AUTOGENERATED FILE. DO NOT EDIT THIS FILE DIRECTLY.
# yarn lockfile v1


"@esbuild/aix-ppc64@0.27.3":
  version "0.27.3"
  resolved "https://registry.yarnpkg.com/@esbuild/aix-ppc64/-/aix-ppc64-0.27.3.tgz#815b39267f9bffd3407ea6c376ac32946e24f8d2"
  integrity sha512-9fJMTNFTWZMh5qwrBItuziu834eOCUcEqymSH7pY+zoMVEZg3gcPuBNxH1EvfVYe9h0x/Ptw8KBzv7qxb7l8dg==

"@esbuild/android-arm64@0.27.3":
  version "0.27.3"
  resolved "https://registry.yarnpkg.com/@esbuild/android-arm64/-/android-arm64-0.27.3.tgz#19b882408829ad8e12b10aff2840711b2da361e8"
  integrity sha512-YdghPYUmj/FX2SYKJ0OZxf+iaKgMsKHVPF1MAq/P8WirnSpCStzKJFjOjzsW0QQ7oIAiccHdcqjbHmJxRb/dmg==

"@esbuild/android-arm@0.27.3":
  version "0.27.3"
  resolved "https://registry.yarnpkg.com/@esbuild/android-arm/-/android-arm-0.27.3.tgz#90be58de27915efa27b767fcbdb37a4470627d7b"
  integrity sha512-i5D1hPY7GIQmXlXhs2w8AWHhenb00+GxjxRncS2ZM7YNVGNfaMxgzSGuO8o8SJzRc/oZwU2bcScvVERk03QhzA==

"@esbuild/android-x64@0.27.3":
  version "0.27.3"
  resolved "https://registry.yarnpkg.com/@esbuild/android-x64/-/android-x64-0.27.3.tgz#d7dcc976f16e01a9aaa2f9b938fbec7389f895ac"
  integrity sha512-IN/0BNTkHtk8lkOM8JWAYFg4ORxBkZQf9zXiEOfERX/CzxW3Vg1ewAhU7QSWQpVIzTW+b8Xy+lGzdYXV6UZObQ==

"@esbuild/darwin-arm64@0.27.3":
  version "0.27.3"
  resolved "https://registry.yarnpkg.com/@esbuild/darwin-arm64/-/darwin-arm64-0.27.3.tgz#9f6cac72b3a8532298a6a4493ed639a8988e8abd"
  integrity sha512-Re491k7ByTVRy0t3EKWajdLIr0gz2kKKfzafkth4Q8A5n1xTHrkqZgLLjFEHVD+AXdUGgQMq+Godfq45mGpCKg==

"@esbuild/darwin-x64@0.27.3":
  version "0.27.3"
  resolved "https://registry.yarnpkg.com/@esbuild/darwin-x64/-/darwin-x64-0.27.3.tgz#ac61d645faa37fd650340f1866b0812e1fb14d6a"
  integrity sha512-vHk/hA7/1AckjGzRqi6wbo+jaShzRowYip6rt6q7VYEDX4LEy1pZfDpdxCBnGtl+A5zq8iXDcyuxwtv3hNtHFg==

"@esbuild/freebsd-arm64@0.27.3":
  version "0.27.3"
  resolved "https://registry.yarnpkg.com/@esbuild/freebsd-arm64/-/freebsd-arm64-0.27.3.tgz#b8625689d73cf1830fe58c39051acdc12474ea1b"
  integrity sha512-ipTYM2fjt3kQAYOvo6vcxJx3nBYAzPjgTCk7QEgZG8AUO3ydUhvelmhrbOheMnGOlaSFUoHXB6un+A7q4ygY9w==

"@esbuild/freebsd-x64@0.27.3":
  version "0.27.3"
  resolved "https://registry.yarnpkg.com/@esbuild/freebsd-x64/-/freebsd-x64-0.27.3.tgz#07be7dd3c9d42fe0eccd2ab9f9ded780bc53bead"
  integrity sha512-dDk0X87T7mI6U3K9VjWtHOXqwAMJBNN2r7bejDsc+j03SEjtD9HrOl8gVFByeM0aJksoUuUVU9TBaZa2rgj0oA==

"@esbuild/linux-arm64@0.27.3":
  version "0.27.3"
  resolved "https://registry.yarnpkg.com/@esbuild/linux-arm64/-/linux-arm64-0.27.3.tgz#bf31918fe5c798586460d2b3d6c46ed2c01ca0b6"
  integrity sha512-sZOuFz/xWnZ4KH3YfFrKCf1WyPZHakVzTiqji3WDc0BCl2kBwiJLCXpzLzUBLgmp4veFZdvN5ChW4Eq/8Fc2Fg==

"@esbuild/linux-arm@0.27.3":
  version "0.27.3"
  resolved "https://registry.yarnpkg.com/@esbuild/linux-arm/-/linux-arm-0.27.3.tgz#28493ee46abec1dc3f500223cd9f8d2df08f9d11"
  integrity sha512-s6nPv2QkSupJwLYyfS+gwdirm0ukyTFNl3KTgZEAiJDd+iHZcbTPPcWCcRYH+WlNbwChgH2QkE9NSlNrMT8Gfw==

"@esbuild/linux-ia32@0.27.3":
  version "0.27.3"
  resolved "https://registry.yarnpkg.com/@esbuild/linux-ia32/-/linux-ia32-0.27.3.tgz#750752a8b30b43647402561eea764d0a41d0ee29"
  integrity sha512-yGlQYjdxtLdh0a3jHjuwOrxQjOZYD/C9PfdbgJJF3TIZWnm/tMd/RcNiLngiu4iwcBAOezdnSLAwQDPqTmtTYg==

"@esbuild/linux-loong64@0.27.3":
  version "0.27.3"
  resolved "https://registry.yarnpkg.com/@esbuild/linux-loong64/-/linux-loong64-0.27.3.tgz#a5a92813a04e71198c50f05adfaf18fc1e95b9ed"
  integrity sha512-WO60Sn8ly3gtzhyjATDgieJNet/KqsDlX5nRC5Y3oTFcS1l0KWba+SEa9Ja1GfDqSF1z6hif/SkpQJbL63cgOA==

"@esbuild/linux-mips64el@0.27.3":
  version "0.27.3"
  resolved "https://registry.yarnpkg.com/@esbuild/linux-mips64el/-/linux-mips64el-0.27.3.tgz#deb45d7fd2d2161eadf1fbc593637ed766d50bb1"
  integrity sha512-APsymYA6sGcZ4pD6k+UxbDjOFSvPWyZhjaiPyl/f79xKxwTnrn5QUnXR5prvetuaSMsb4jgeHewIDCIWljrSxw==

"@esbuild/linux-ppc64@0.27.3":
  version "0.27.3"
  resolved "https://registry.yarnpkg.com/@esbuild/linux-ppc64/-/linux-ppc64-0.27.3.tgz#6f39ae0b8c4d3d2d61a65b26df79f6e12a1c3d78"
  integrity sha512-eizBnTeBefojtDb9nSh4vvVQ3V9Qf9Df01PfawPcRzJH4gFSgrObw+LveUyDoKU3kxi5+9RJTCWlj4FjYXVPEA==

"@esbuild/linux-riscv64@0.27.3":
  version "0.27.3"
  resolved "https://registry.yarnpkg.com/@esbuild/linux-riscv64/-/linux-riscv64-0.27.3.tgz#4c5c19c3916612ec8e3915187030b9df0b955c1d"
  integrity sha512-3Emwh0r5wmfm3ssTWRQSyVhbOHvqegUDRd0WhmXKX2mkHJe1SFCMJhagUleMq+Uci34wLSipf8Lagt4LlpRFWQ==

"@esbuild/linux-s390x@0.27.3":
  version "0.27.3"
  resolved "https://registry.yarnpkg.com/@esbuild/linux-s390x/-/linux-s390x-0.27.3.tgz#9ed17b3198fa08ad5ccaa9e74f6c0aff7ad0156d"
  integrity sha512-pBHUx9LzXWBc7MFIEEL0yD/ZVtNgLytvx60gES28GcWMqil8ElCYR4kvbV2BDqsHOvVDRrOxGySBM9Fcv744hw==

"@esbuild/linux-x64@0.27.3":
  version "0.27.3"
  resolved "https://registry.yarnpkg.com/@esbuild/linux-x64/-/linux-x64-0.27.3.tgz#12383dcbf71b7cf6513e58b4b08d95a710bf52a5"
  integrity sha512-Czi8yzXUWIQYAtL/2y6vogER8pvcsOsk5cpwL4Gk5nJqH5UZiVByIY8Eorm5R13gq+DQKYg0+JyQoytLQas4dA==

"@esbuild/netbsd-arm64@0.27.3":
  version "0.27.3"
  resolved "https://registry.yarnpkg.com/@esbuild/netbsd-arm64/-/netbsd-arm64-0.27.3.tgz#dd0cb2fa543205fcd931df44f4786bfcce6df7d7"
  integrity sha512-sDpk0RgmTCR/5HguIZa9n9u+HVKf40fbEUt+iTzSnCaGvY9kFP0YKBWZtJaraonFnqef5SlJ8/TiPAxzyS+UoA==

"@esbuild/netbsd-x64@0.27.3":
  version "0.27.3"
  resolved "https://registry.yarnpkg.com/@esbuild/netbsd-x64/-/netbsd-x64-0.27.3.tgz#028ad1807a8e03e155153b2d025b506c3787354b"
  integrity sha512-P14lFKJl/DdaE00LItAukUdZO5iqNH7+PjoBm+fLQjtxfcfFE20Xf5CrLsmZdq5LFFZzb5JMZ9grUwvtVYzjiA==

"@esbuild/openbsd-arm64@0.27.3":
  version "0.27.3"
  resolved "https://registry.yarnpkg.com/@esbuild/openbsd-arm64/-/openbsd-arm64-0.27.3.tgz#e3c16ff3490c9b59b969fffca87f350ffc0e2af5"
  integrity sha512-AIcMP77AvirGbRl/UZFTq5hjXK+2wC7qFRGoHSDrZ5v5b8DK/GYpXW3CPRL53NkvDqb9D+alBiC/dV0Fb7eJcw==

"@esbuild/openbsd-x64@0.27.3":
  version "0.27.3"
  resolved "https://registry.yarnpkg.com/@esbuild/openbsd-x64/-/openbsd-x64-0.27.3.tgz#c5a4693fcb03d1cbecbf8b422422468dfc0d2a8b"
  integrity sha512-DnW2sRrBzA+YnE70LKqnM3P+z8vehfJWHXECbwBmH/CU51z6FiqTQTHFenPlHmo3a8UgpLyH3PT+87OViOh1AQ==

"@esbuild/openharmony-arm64@0.27.3":
  version "0.27.3"
  resolved "https://registry.yarnpkg.com/@esbuild/openharmony-arm64/-/openharmony-arm64-0.27.3.tgz#082082444f12db564a0775a41e1991c0e125055e"
  integrity sha512-NinAEgr/etERPTsZJ7aEZQvvg/A6IsZG/LgZy+81wON2huV7SrK3e63dU0XhyZP4RKGyTm7aOgmQk0bGp0fy2g==

"@esbuild/sunos-x64@0.27.3":
  version "0.27.3"
  resolved "https://registry.yarnpkg.com/@esbuild/sunos-x64/-/sunos-x64-0.27.3.tgz#5ab036c53f929e8405c4e96e865a424160a1b537"
  integrity sha512-PanZ+nEz+eWoBJ8/f8HKxTTD172SKwdXebZ0ndd953gt1HRBbhMsaNqjTyYLGLPdoWHy4zLU7bDVJztF5f3BHA==

"@esbuild/win32-arm64@0.27.3":
  version "0.27.3"
  resolved "https://registry.yarnpkg.com/@esbuild/win32-arm64/-/win32-arm64-0.27.3.tgz#38de700ef4b960a0045370c171794526e589862e"
  integrity sha512-B2t59lWWYrbRDw/tjiWOuzSsFh1Y/E95ofKz7rIVYSQkUYBjfSgf6oeYPNWHToFRr2zx52JKApIcAS/D5TUBnA==

"@esbuild/win32-ia32@0.27.3":
  version "0.27.3"
  resolved "https://registry.yarnpkg.com/@esbuild/win32-ia32/-/win32-ia32-0.27.3.tgz#451b93dc03ec5d4f38619e6cd64d9f9eff06f55c"
  integrity sha512-QLKSFeXNS8+tHW7tZpMtjlNb7HKau0QDpwm49u0vUp9y1WOF+PEzkU84y9GqYaAVW8aH8f3GcBck26jh54cX4Q==

"@esbuild/win32-x64@0.27.3":
  version "0.27.3"
  resolved "https://registry.yarnpkg.com/@esbuild/win32-x64/-/win32-x64-0.27.3.tgz#0eaf705c941a218a43dba8e09f1df1d6cd2f1f17"
  integrity sha512-4uJGhsxuptu3OcpVAzli+/gWusVGwZZHTlS63hh++ehExkVT8SgiEf7/uC/PclrPPkLhZqGgCTjd0VWLo6xMqA==

"@oxlint/binding-android-arm-eabi@1.46.0":
  version "1.46.0"
  resolved "https://registry.yarnpkg.com/@oxlint/binding-android-arm-eabi/-/binding-android-arm-eabi-1.46.0.tgz#e61a90806c7d1e7a07c87188a4dae5246b252c2e"
  integrity sha512-vLPcE+HcZ/W/0cVA1KLuAnoUSejGougDH/fDjBFf0Q+rbBIyBNLevOhgx3AnBNAt3hcIGY7U05ISbJCKZeVa3w==

"@oxlint/binding-android-arm64@1.46.0":
  version "1.46.0"
  resolved "https://registry.yarnpkg.com/@oxlint/binding-android-arm64/-/binding-android-arm64-1.46.0.tgz#c14fe77dc0b5dc8c6051bd93220603a054953c4d"
  integrity sha512-b8IqCczUsirdtJ3R/be4cRm64I5pMPafMO/9xyTAZvc+R/FxZHMQuhw0iNT9hQwRn+Uo5rNAoA8QS7QurG2QeA==

"@oxlint/binding-darwin-arm64@1.46.0":
  version "1.46.0"
  resolved "https://registry.yarnpkg.com/@oxlint/binding-darwin-arm64/-/binding-darwin-arm64-1.46.0.tgz#b564c13f21b509ccc21d965dbb42b3f74b993936"
  integrity sha512-CfC/KGnNMhI01dkfCMjquKnW4zby3kqD5o/9XA7+pgo9I4b+Nipm+JVFyZPWMNwKqLXNmi35GTLWjs9svPxlew==

"@oxlint/binding-darwin-x64@1.46.0":
  version "1.46.0"
  resolved "https://registry.yarnpkg.com/@oxlint/binding-darwin-x64/-/binding-darwin-x64-1.46.0.tgz#2f5d54c8200d5ed3389a8e913f4b121d85cdc7ae"
  integrity sha512-m38mKPsV3rBdWOJ4TAGZiUjWU8RGrBxsmdSeMQ0bPr/8O6CUOm/RJkPBf0GAfPms2WRVcbkfEXvIiPshAeFkeA==

"@oxlint/binding-freebsd-x64@1.46.0":
  version "1.46.0"
  resolved "https://registry.yarnpkg.com/@oxlint/binding-freebsd-x64/-/binding-freebsd-x64-1.46.0.tgz#acfd6cc84f5f63907d963479f3c6e68d2279cf5a"
  integrity sha512-YaFRKslSAfuMwn7ejS1/wo9jENqQigpGBjjThX+mrpmEROLYGky+zIC5xSVGRng28U92VEDVbSNJ/sguz3dUAA==

"@oxlint/binding-linux-arm-gnueabihf@1.46.0":
  version "1.46.0"
  resolved "https://registry.yarnpkg.com/@oxlint/binding-linux-arm-gnueabihf/-/binding-linux-arm-gnueabihf-1.46.0.tgz#c65cf383b125464daf407286dc7e8a62708da979"
  integrity sha512-Nlw+5mSZQtkg1Oj0N8ulxzG8ATpmSDz5V2DNaGhaYAVlcdR8NYSm/xTOnweOXc/UOOv3LwkPPYzqcfPhu2lEkA==

"@oxlint/binding-linux-arm-musleabihf@1.46.0":
  version "1.46.0"
  resolved "https://registry.yarnpkg.com/@oxlint/binding-linux-arm-musleabihf/-/binding-linux-arm-musleabihf-1.46.0.tgz#5b3e373782e6bd92ef2fe7ec41cb782b5e851698"
  integrity sha512-d3Y5y4ukMqAGnWLMKpwqj8ftNUaac7pA0NrId4AZ77JvHzezmxEcm2gswaBw2HW8y1pnq6KDB0vEPPvpTfDLrA==

"@oxlint/binding-linux-arm64-gnu@1.46.0":
  version "1.46.0"
  resolved "https://registry.yarnpkg.com/@oxlint/binding-linux-arm64-gnu/-/binding-linux-arm64-gnu-1.46.0.tgz#ad2ee685768da0628ca76701de415bee036f0b16"
  integrity sha512-jkjx+XSOPuFR+C458prQmehO+v0VK19/3Hj2mOYDF4hHUf3CzmtA4fTmQUtkITZiGHnky7Oao6JeJX24mrX7WQ==

"@oxlint/binding-linux-arm64-musl@1.46.0":
  version "1.46.0"
  resolved "https://registry.yarnpkg.com/@oxlint/binding-linux-arm64-musl/-/binding-linux-arm64-musl-1.46.0.tgz#a3a8e25f756cc77fe4d25d68774f538ea1a0c046"
  integrity sha512-X/aPB1rpJUdykjWSeeGIbjk6qbD8VDulgLuTSMWgr/t6m1ljcAjqHb1g49pVG9bZl55zjECgzvlpPLWnfb4FMQ==

"@oxlint/binding-linux-ppc64-gnu@1.46.0":
  version "1.46.0"
  resolved "https://registry.yarnpkg.com/@oxlint/binding-linux-ppc64-gnu/-/binding-linux-ppc64-gnu-1.46.0.tgz#03197977ece72d41206bc496f22d90282377a268"
  integrity sha512-AymyOxGWwKY2KJa8b+h8iLrYJZbWKYCjqctSc2q6uIAkYPrCsxcWlge1JP6XZ14Sa80DVMwI/QvktbytSV+xVw==

"@oxlint/binding-linux-riscv64-gnu@1.46.0":
  version "1.46.0"
  resolved "https://registry.yarnpkg.com/@oxlint/binding-linux-riscv64-gnu/-/binding-linux-riscv64-gnu-1.46.0.tgz#b5e2145a4c71ca488a1c5d7eeb74e4af6feef4ef"
  integrity sha512-PkeVdPKCDA59rlMuucsel2LjlNEpslQN5AhkMMorIJZItbbqi/0JSuACCzaiIcXYv0oNfbeQ8rbOBikv+aT6cg==

"@oxlint/binding-linux-riscv64-musl@1.46.0":
  version "1.46.0"
  resolved "https://registry.yarnpkg.com/@oxlint/binding-linux-riscv64-musl/-/binding-linux-riscv64-musl-1.46.0.tgz#49a77d72ca4a92438f43ab7b9bc99c18ae28864e"
  integrity sha512-snQaRLO/X+Ry/CxX1px1g8GUbmXzymdRs+/RkP2bySHWZFhFDtbLm2hA1ujX/jKlTLMJDZn4hYzFGLDwG/Rh2w==

"@oxlint/binding-linux-s390x-gnu@1.46.0":
  version "1.46.0"
  resolved "https://registry.yarnpkg.com/@oxlint/binding-linux-s390x-gnu/-/binding-linux-s390x-gnu-1.46.0.tgz#68a3f19f6a0dc143762e145d0c17a5388d8ae5ae"
  integrity sha512-kZhDMwUe/sgDTluGao9c0Dqc1JzV6wPzfGo0l/FLQdh5Zmp39Yg1FbBsCgsJfVKmKl1fNqsHyFLTShWMOlOEhA==

"@oxlint/binding-linux-x64-gnu@1.46.0":
  version "1.46.0"
  resolved "https://registry.yarnpkg.com/@oxlint/binding-linux-x64-gnu/-/binding-linux-x64-gnu-1.46.0.tgz#37204c7a110c167d68462a1952bbf692ecad9aac"
  integrity sha512-n5a7VtQTxHZ13cNAKQc3ziARv5bE1Fx868v/tnhZNVUjaRNYe5uiUrRJ/LZghdAzOxVuQGarjjq/q4QM2+9OPA==

"@oxlint/binding-linux-x64-musl@1.46.0":
  version "1.46.0"
  resolved "https://registry.yarnpkg.com/@oxlint/binding-linux-x64-musl/-/binding-linux-x64-musl-1.46.0.tgz#02bb5f27b10d2248f5689b25266456c7cba87553"
  integrity sha512-KpsDU/BhdVn3iKCLxMXAOZIpO8fS0jEA5iluRoK1rhHPwKtpzEm/OCwERsu/vboMSZm66qnoTUVXRPJ8M+iKVQ==

"@oxlint/binding-openharmony-arm64@1.46.0":
  version "1.46.0"
  resolved "https://registry.yarnpkg.com/@oxlint/binding-openharmony-arm64/-/binding-openharmony-arm64-1.46.0.tgz#6fb16dcd0a0e75e54d826d4691a88237b60c0cf8"
  integrity sha512-jtbqUyEXlsDlRmMtTZqNbw49+1V/WxqNAR5l0S3OEkdat9diI5I+eqq9IT+jb5cSDdszTGcXpn7S3+gUYSydxQ==

"@oxlint/binding-win32-arm64-msvc@1.46.0":
  version "1.46.0"
  resolved "https://registry.yarnpkg.com/@oxlint/binding-win32-arm64-msvc/-/binding-win32-arm64-msvc-1.46.0.tgz#d13cb6a5c251767801fa81d24352b1223d56d494"
  integrity sha512-EE8NjpqEZPwHQVigNvdyJ11dZwWIfsfn4VeBAuiJeAdrnY4HFX27mIjJINJgP5ZdBYEFV1OWH/eb9fURCYel8w==

"@oxlint/binding-win32-ia32-msvc@1.46.0":
  version "1.46.0"
  resolved "https://registry.yarnpkg.com/@oxlint/binding-win32-ia32-msvc/-/binding-win32-ia32-msvc-1.46.0.tgz#5d20dbe0f588c84ad7261db127bbca3a684e30e4"
  integrity sha512-BHyk3H/HRdXs+uImGZ/2+qCET+B8lwGHOm7m54JiJEEUWf3zYCFX/Df1SPqtozWWmnBvioxoTG1J3mPRAr8KUA==

"@oxlint/binding-win32-x64-msvc@1.46.0":
  version "1.46.0"
  resolved "https://registry.yarnpkg.com/@oxlint/binding-win32-x64-msvc/-/binding-win32-x64-msvc-1.46.0.tgz#9a9da8b6e5f1f244cdf3bb6a785b7ce89dab0a83"
  integrity sha512-DJbQsSJUr4KSi9uU0QqOgI7PX2C+fKGZX+YDprt3vM2sC0dWZsgVTLoN2vtkNyEWJSY2mnvRFUshWXT3bmo0Ug==

"@types/node@^24.5.0":
  version "24.10.13"
  resolved "https://registry.yarnpkg.com/@types/node/-/node-24.10.13.tgz#2fac25c0e30f3848e19912c3b8791a28370e9e07"
  integrity sha512-oH72nZRfDv9lADUBSo104Aq7gPHpQZc4BTx38r9xf9pg5LfP6EzSyH2n7qFmmxRQXh7YlUXODcYsg6PuTDSxGg==
  dependencies:
    undici-types "~7.16.0"

esbuild@~0.27.0:
  version "0.27.3"
  resolved "https://registry.yarnpkg.com/esbuild/-/esbuild-0.27.3.tgz#5859ca8e70a3af956b26895ce4954d7e73bd27a8"
  integrity sha512-8VwMnyGCONIs6cWue2IdpHxHnAjzxnw2Zr7MkVxB2vjmQ2ivqGFb4LEG3SMnv0Gb2F/G/2yA8zUaiL1gywDCCg==
  optionalDependencies:
    "@esbuild/aix-ppc64" "0.27.3"
    "@esbuild/android-arm" "0.27.3"
    "@esbuild/android-arm64" "0.27.3"
    "@esbuild/android-x64" "0.27.3"
    "@esbuild/darwin-arm64" "0.27.3"
    "@esbuild/darwin-x64" "0.27.3"
    "@esbuild/freebsd-arm64" "0.27.3"
    "@esbuild/freebsd-x64" "0.27.3"
    "@esbuild/linux-arm" "0.27.3"
    "@esbuild/linux-arm64" "0.27.3"
    "@esbuild/linux-ia32" "0.27.3"
    "@esbuild/linux-loong64" "0.27.3"
    "@esbuild/linux-mips64el" "0.27.3"
    "@esbuild/linux-ppc64" "0.27.3"
    "@esbuild/linux-riscv64" "0.27.3"
    "@esbuild/linux-s390x" "0.27.3"
    "@esbuild/linux-x64" "0.27.3"
    "@esbuild/netbsd-arm64" "0.27.3"
    "@esbuild/netbsd-x64" "0.27.3"
    "@esbuild/openbsd-arm64" "0.27.3"
    "@esbuild/openbsd-x64" "0.27.3"
    "@esbuild/openharmony-arm64" "0.27.3"
    "@esbuild/sunos-x64" "0.27.3"
    "@esbuild/win32-arm64" "0.27.3"
    "@esbuild/win32-ia32" "0.27.3"
    "@esbuild/win32-x64" "0.27.3"

fsevents@~2.3.3:
  version "2.3.3"
  resolved "https://registry.yarnpkg.com/fsevents/-/fsevents-2.3.3.tgz#cac6407785d03675a2a5e1a5305c697b347d90d6"
  integrity sha512-5xoDfX+fL7faATnagmWPpbFtwh/R77WmMMqqHGS65C3vvB0YHrgF+B1YmZ3441tMj5n63k0212XNoJwzlhffQw==

get-tsconfig@^4.7.5:
  version "4.13.5"
  resolved "https://registry.yarnpkg.com/get-tsconfig/-/get-tsconfig-4.13.5.tgz#d7d3224cac4396bf59f9de9b85201f968ebbc24f"
  integrity sha512-v4/4xAEpBRp6SvCkWhnGCaLkJf9IwWzrsygJPxD/+p2/xPE3C5m2fA9FD0Ry9tG+Rqqq3gBzHSl6y1/T9V/tMQ==
  dependencies:
    resolve-pkg-maps "^1.0.0"

oxlint@^1.43.0:
  version "1.46.0"
  resolved "https://registry.yarnpkg.com/oxlint/-/oxlint-1.46.0.tgz#e4b4afc798005ce5592ba8bc367fe8669d13ff96"
  integrity sha512-I9h42QDtAVsRwoueJ4PL/7qN5jFzIUXvbO4Z5ddtII92ZCiD7uiS/JW2V4viBSfGLsbZkQp3YEs6Ls4I8q+8tA==
  optionalDependencies:
    "@oxlint/binding-android-arm-eabi" "1.46.0"
    "@oxlint/binding-android-arm64" "1.46.0"
    "@oxlint/binding-darwin-arm64" "1.46.0"
    "@oxlint/binding-darwin-x64" "1.46.0"
    "@oxlint/binding-freebsd-x64" "1.46.0"
    "@oxlint/binding-linux-arm-gnueabihf" "1.46.0"
    "@oxlint/binding-linux-arm-musleabihf" "1.46.0"
    "@oxlint/binding-linux-arm64-gnu" "1.46.0"
    "@oxlint/binding-linux-arm64-musl" "1.46.0"
    "@oxlint/binding-linux-ppc64-gnu" "1.46.0"
    "@oxlint/binding-linux-riscv64-gnu" "1.46.0"
    "@oxlint/binding-linux-riscv64-musl" "1.46.0"
    "@oxlint/binding-linux-s390x-gnu" "1.46.0"
    "@oxlint/binding-linux-x64-gnu" "1.46.0"
    "@oxlint/binding-linux-x64-musl" "1.46.0"
    "@oxlint/binding-openharmony-arm64" "1.46.0"
    "@oxlint/binding-win32-arm64-msvc" "1.46.0"
    "@oxlint/binding-win32-ia32-msvc" "1.46.0"
    "@oxlint/binding-win32-x64-msvc" "1.46.0"

prettier@^3.0.0:
  version "3.8.1"
  resolved "https://registry.yarnpkg.com/prettier/-/prettier-3.8.1.tgz#edf48977cf991558f4fcbd8a3ba6015ba2a3a173"
  integrity sha512-UOnG6LftzbdaHZcKoPFtOcCKztrQ57WkHDeRD9t/PTQtmT0NHSeWWepj6pS0z/N7+08BHFDQVUrfmfMRcZwbMg==

resolve-pkg-maps@^1.0.0:
  version "1.0.0"
  resolved "https://registry.yarnpkg.com/resolve-pkg-maps/-/resolve-pkg-maps-1.0.0.tgz#616b3dc2c57056b5588c31cdf4b3d64db133720f"
  integrity sha512-seS2Tj26TBVOC2NIc2rOe2y2ZO7efxITtLZcGSOnHHNOQ7CkiUBfw0Iw2ck6xkIhPwLhKNLS8BO+hEpngQlqzw==

tsx@^4.20.5:
  version "4.21.0"
  resolved "https://registry.yarnpkg.com/tsx/-/tsx-4.21.0.tgz#32aa6cf17481e336f756195e6fe04dae3e6308b1"
  integrity sha512-5C1sg4USs1lfG0GFb2RLXsdpXqBSEhAaA/0kPL01wxzpMqLILNxIxIOKiILz+cdg/pLnOUxFYOR5yhHU666wbw==
  dependencies:
    esbuild "~0.27.0"
    get-tsconfig "^4.7.5"
  optionalDependencies:
    fsevents "~2.3.3"

typescript@^5.9.2:
  version "5.9.3"
  resolved "https://registry.yarnpkg.com/typescript/-/typescript-5.9.3.tgz#5b4f59e15310ab17a216f5d6cf53ee476ede670f"
  integrity sha512-jl1vZzPDinLr9eUt3J/t7V6FgNEw9QjvBPdysz9KfQDD41fQrC2Y4vKQdiaUpFT4bXlb1RHhLpp8wtm6M5TgSw==

undici-types@~7.16.0:
  version "7.16.0"
  resolved "https://registry.yarnpkg.com/undici-types/-/undici-types-7.16.0.tgz#ffccdff36aea4884cbfce9a750a0580224f58a46"
  integrity sha512-Zz+aZWSj8LE6zoxD+xrjh4VfkIG8Ya6LvYkZqtUQGJPZjYl53ypCaUwWqo7eI0x66KBGeRo+mlBEkMSeSZ38Nw==
